
Microsoft Visual Studio Solution File, Format Version 12.00
# Visual Studio Version 17
VisualStudioVersion = 17.3.32929.385
MinimumVisualStudioVersion = 10.0.40219.1
Project("{8BC9CEB8-8B4A-11D0-8D11-00A0C91BC942}") = "rase_game", "rase_game.vcxproj", "{8702C705-A2FE-4C9F-B752-A6DD972FB902}"
EndProject
Project("{8BC9CEB8-8B4A-11D0-8D11-00A0C91BC942}") = "Racing_game", "..\Racing_game\Racing_game.vcxproj", "{30CFD30A-B5C5-4AF2-8627-2AEF8DD58EEE}"
EndProject
Global
	GlobalSection(SolutionConfigurationPlatforms) = preSolution
		Debug|x64 = Debug|x64
		Debug|x86 = Debug|x86
		Release|x64 = Release|x64
		Release|x86 = Release|x86
	EndGlobalSection
	GlobalSection(ProjectConfigurationPlatforms) = postSolution
		{8702C705-A2FE-4C9F-B752-A6DD972FB902}.Debug|x64.ActiveCfg = Debug|x64
		{8702C705-A2FE-4C9F-B752-A6DD972FB902}.Debug|x64.Build.0 = Debug|x64
		{8702C705-A2FE-4C9F-B752-A6DD972FB902}.Debug|x86.ActiveCfg = Debug|Win32
		{8702C705-A2FE-4C9F-B752-A6DD972FB902}.Debug|x86.Build.0 = Debug|Win32
		{8702C705-A2FE-4C9F-B752-A6DD972FB902}.Release|x64.ActiveCfg = Release|x64
		{8702C705-A2FE-4C9F-B752-A6DD972FB902}.Release|x64.Build.0 = Release|x64
		{8702C705-A2FE-4C9F-B752-A6DD972FB902}.Release|x86.ActiveCfg = Release|Win32
		{8702C705-A2FE-4C9F-B752-A6DD972FB902}.Release|x86.Build.0 = Release|Win32
		{30CFD30A-B5C5-4AF2-8627-2AEF8DD58EEE}.Debug|x64.ActiveCfg = Debug|x64
		{30CFD30A-B5C5-4AF2-8627-2AEF8DD58EEE}.Debug|x64.Build.0 = Debug|x64
		{30CFD30A-B5C5-4AF2-8627-2AEF8DD58EEE}.Debug|x86.ActiveCfg = Debug|Win32
		{30CFD30A-B5C5-4AF2-8627-2AEF8DD58EEE}.Debug|x86.Build.0 = Debug|Win32
		{30CFD30A-B5C5-4AF2-8627-2AEF8DD58EEE}.Release|x64.ActiveCfg = Release|x64
		{30CFD30A-B5C5-4AF2-8627-2AEF8DD58EEE}.Release|x64.Build.0 = Release|x64
		{30CFD30A-B5C5-4AF2-8627-2AEF8DD58EEE}.Release|x86.ActiveCfg = Release|Win32
		{30CFD30A-B5C5-4AF2-8627-2AEF8DD58EEE}.Release|x86.Build.0 = Release|Win32
	EndGlobalSection
	GlobalSection(SolutionProperties) = preSolution
		HideSolutionNode = FALSE
	EndGlobalSection
	GlobalSection(ExtensibilityGlobals) = postSolution
		SolutionGuid = {E85372EC-E38D-49E0-A35E-B9430834717E}
	EndGlobalSection
EndGlobal
